
Microsoft Visual Studio Solution File, Format Version 11.00
# Visual Studio 2010
Project("{FAE04EC0-301F-11D3-BF4B-00C04F79EFBC}") = "UniRx", "UniRx.csproj", "{c166b9f8-6199-6fb1-ef09-a4c2b921c548}"
EndProject
Project("{FAE04EC0-301F-11D3-BF4B-00C04F79EFBC}") = "Assembly-CSharp", "Assembly-CSharp.csproj", "{7ae5579f-eea8-eb92-49d3-cb1e02d4d627}"
EndProject
Project("{FAE04EC0-301F-11D3-BF4B-00C04F79EFBC}") = "UniRx.Examples", "UniRx.Examples.csproj", "{444c14f8-da59-6179-2fa6-41044fd0048f}"
EndProject
Project("{FAE04EC0-301F-11D3-BF4B-00C04F79EFBC}") = "Assembly-CSharp-Editor", "Assembly-CSharp-Editor.csproj", "{fcd115cc-ecb5-78d6-5a12-834167a505a3}"
EndProject
Global
	GlobalSection(SolutionConfigurationPlatforms) = preSolution
		Debug|Any CPU = Debug|Any CPU
		Release|Any CPU = Release|Any CPU
	EndGlobalSection
	GlobalSection(ProjectConfigurationPlatforms) = postSolution
		{c166b9f8-6199-6fb1-ef09-a4c2b921c548}.Debug|Any CPU.ActiveCfg = Debug|Any CPU
		{c166b9f8-6199-6fb1-ef09-a4c2b921c548}.Debug|Any CPU.Build.0 = Debug|Any CPU
		{c166b9f8-6199-6fb1-ef09-a4c2b921c548}.Release|Any CPU.ActiveCfg = Release|Any CPU
		{c166b9f8-6199-6fb1-ef09-a4c2b921c548}.Release|Any CPU.Build.0 = Release|Any CPU
		{7ae5579f-eea8-eb92-49d3-cb1e02d4d627}.Debug|Any CPU.ActiveCfg = Debug|Any CPU
		{7ae5579f-eea8-eb92-49d3-cb1e02d4d627}.Debug|Any CPU.Build.0 = Debug|Any CPU
		{7ae5579f-eea8-eb92-49d3-cb1e02d4d627}.Release|Any CPU.ActiveCfg = Release|Any CPU
		{7ae5579f-eea8-eb92-49d3-cb1e02d4d627}.Release|Any CPU.Build.0 = Release|Any CPU
		{444c14f8-da59-6179-2fa6-41044fd0048f}.Debug|Any CPU.ActiveCfg = Debug|Any CPU
		{444c14f8-da59-6179-2fa6-41044fd0048f}.Debug|Any CPU.Build.0 = Debug|Any CPU
		{444c14f8-da59-6179-2fa6-41044fd0048f}.Release|Any CPU.ActiveCfg = Release|Any CPU
		{444c14f8-da59-6179-2fa6-41044fd0048f}.Release|Any CPU.Build.0 = Release|Any CPU
		{fcd115cc-ecb5-78d6-5a12-834167a505a3}.Debug|Any CPU.ActiveCfg = Debug|Any CPU
		{fcd115cc-ecb5-78d6-5a12-834167a505a3}.Debug|Any CPU.Build.0 = Debug|Any CPU
		{fcd115cc-ecb5-78d6-5a12-834167a505a3}.Release|Any CPU.ActiveCfg = Release|Any CPU
		{fcd115cc-ecb5-78d6-5a12-834167a505a3}.Release|Any CPU.Build.0 = Release|Any CPU
	EndGlobalSection
	GlobalSection(SolutionProperties) = preSolution
		HideSolutionNode = FALSE
	EndGlobalSection
EndGlobal
